// !$*UTF8*$!
{
	archiveVersion = 1;
	classes = {
	};
	objectVersion = 46;
	objects = {

/* Begin PBXBuildFile section */
		9890B3A319F9F10600FC2E20 /* main.m in Sources */ = {isa = PBXBuildFile; fileRef = 9890B3A219F9F10600FC2E20 /* main.m */; };
		9890B3A619F9F10700FC2E20 /* AppDelegate.m in Sources */ = {isa = PBXBuildFile; fileRef = 9890B3A519F9F10700FC2E20 /* AppDelegate.m */; };
		9890B3AC19F9F10700FC2E20 /* Main.storyboard in Resources */ = {isa = PBXBuildFile; fileRef = 9890B3AA19F9F10700FC2E20 /* Main.storyboard */; };
		9890B3AE19F9F10700FC2E20 /* Images.xcassets in Resources */ = {isa = PBXBuildFile; fileRef = 9890B3AD19F9F10700FC2E20 /* Images.xcassets */; };
		9890B3B119F9F10700FC2E20 /* LaunchScreen.xib in Resources */ = {isa = PBXBuildFile; fileRef = 9890B3AF19F9F10700FC2E20 /* LaunchScreen.xib */; };
		9890B3BD19F9F10700FC2E20 /* PhotoWakeTests.m in Sources */ = {isa = PBXBuildFile; fileRef = 9890B3BC19F9F10700FC2E20 /* PhotoWakeTests.m */; };
		9890B3CC19F9F44F00FC2E20 /* camera59.png in Resources */ = {isa = PBXBuildFile; fileRef = 9890B3C719F9F44F00FC2E20 /* camera59.png */; };
		9890B3CD19F9F44F00FC2E20 /* machine2.png in Resources */ = {isa = PBXBuildFile; fileRef = 9890B3C819F9F44F00FC2E20 /* machine2.png */; };
		9890B3CE19F9F44F00FC2E20 /* maps.png in Resources */ = {isa = PBXBuildFile; fileRef = 9890B3C919F9F44F00FC2E20 /* maps.png */; };
		9890B3CF19F9F44F00FC2E20 /* movie42.png in Resources */ = {isa = PBXBuildFile; fileRef = 9890B3CA19F9F44F00FC2E20 /* movie42.png */; };
		9890B3D019F9F44F00FC2E20 /* play2.png in Resources */ = {isa = PBXBuildFile; fileRef = 9890B3CB19F9F44F00FC2E20 /* play2.png */; };
		9890B3D619FA09A300FC2E20 /* silhouette4.png in Resources */ = {isa = PBXBuildFile; fileRef = 9890B3D219FA09A300FC2E20 /* silhouette4.png */; };
		9890B3D719FA09A300FC2E20 /* silhouette5.png in Resources */ = {isa = PBXBuildFile; fileRef = 9890B3D319FA09A300FC2E20 /* silhouette5.png */; };
		9890B3DC19FA0E6600FC2E20 /* Tokushima_40x40.png in Resources */ = {isa = PBXBuildFile; fileRef = 9890B3DB19FA0E6600FC2E20 /* Tokushima_40x40.png */; };
		9890B3DE19FA106100FC2E20 /* Slideshow_40x40.png in Resources */ = {isa = PBXBuildFile; fileRef = 9890B3DD19FA106100FC2E20 /* Slideshow_40x40.png */; };
		9890B3E019FA111400FC2E20 /* Setting_40x40.png in Resources */ = {isa = PBXBuildFile; fileRef = 9890B3DF19FA111400FC2E20 /* Setting_40x40.png */; };
		9890B3EE19FA13E400FC2E20 /* MapKit.framework in Frameworks */ = {isa = PBXBuildFile; fileRef = 9890B3ED19FA13E400FC2E20 /* MapKit.framework */; };
		9890B3F019FA1BA000FC2E20 /* hata.png in Resources */ = {isa = PBXBuildFile; fileRef = 9890B3EF19FA1BA000FC2E20 /* hata.png */; };
		9890B3FB19FA27EF00FC2E20 /* little25_2.png in Resources */ = {isa = PBXBuildFile; fileRef = 9890B3FA19FA27EF00FC2E20 /* little25_2.png */; };
		9890B40319FA45A800FC2E20 /* CoreLocation.framework in Frameworks */ = {isa = PBXBuildFile; fileRef = 9890B40219FA45A800FC2E20 /* CoreLocation.framework */; };
		98A07F0C19FD1A790045CECC /* CustomAnnotation_GPS_Old.m in Sources */ = {isa = PBXBuildFile; fileRef = 98A07EFF19FD1A790045CECC /* CustomAnnotation_GPS_Old.m */; };
		98A07F0D19FD1A790045CECC /* CustomAnnotation_GPS.m in Sources */ = {isa = PBXBuildFile; fileRef = 98A07F0119FD1A790045CECC /* CustomAnnotation_GPS.m */; };
		98A07F0E19FD1A790045CECC /* CustomAnnotation_Hata.m in Sources */ = {isa = PBXBuildFile; fileRef = 98A07F0319FD1A790045CECC /* CustomAnnotation_Hata.m */; };
		98A07F0F19FD1A790045CECC /* CustomAnnotation_Photo.m in Sources */ = {isa = PBXBuildFile; fileRef = 98A07F0519FD1A790045CECC /* CustomAnnotation_Photo.m */; };
		98A07F1019FD1A790045CECC /* CustomAnnotation.m in Sources */ = {isa = PBXBuildFile; fileRef = 98A07F0719FD1A790045CECC /* CustomAnnotation.m */; };
		98A07F1119FD1A790045CECC /* HataViewController.m in Sources */ = {isa = PBXBuildFile; fileRef = 98A07F0919FD1A790045CECC /* HataViewController.m */; };
		98A07F1219FD1A790045CECC /* MapViewController.m in Sources */ = {isa = PBXBuildFile; fileRef = 98A07F0B19FD1A790045CECC /* MapViewController.m */; };
		98A07F3619FD268D0045CECC /* CameraViewController.m in Sources */ = {isa = PBXBuildFile; fileRef = 98A07F3519FD268D0045CECC /* CameraViewController.m */; };
		98A07F3819FF16A10045CECC /* HanaView.xib in Resources */ = {isa = PBXBuildFile; fileRef = 98A07F3719FF16A10045CECC /* HanaView.xib */; };
		98A07F3B19FF185E0045CECC /* HataView.m in Sources */ = {isa = PBXBuildFile; fileRef = 98A07F3A19FF185E0045CECC /* HataView.m */; };
		98F93F4319FF57AF00D2A30A /* CustomAnnotation_HataOk.m in Sources */ = {isa = PBXBuildFile; fileRef = 98F93F4219FF57AF00D2A30A /* CustomAnnotation_HataOk.m */; };
		98F93F4919FF649B00D2A30A /* SlideshowViewController.m in Sources */ = {isa = PBXBuildFile; fileRef = 98F93F4819FF649B00D2A30A /* SlideshowViewController.m */; };
/* End PBXBuildFile section */

/* Begin PBXContainerItemProxy section */
		9890B3B719F9F10700FC2E20 /* PBXContainerItemProxy */ = {
			isa = PBXContainerItemProxy;
			containerPortal = 9890B39519F9F10600FC2E20 /* Project object */;
			proxyType = 1;
			remoteGlobalIDString = 9890B39C19F9F10600FC2E20;
			remoteInfo = PhotoWake;
		};
/* End PBXContainerItemProxy section */

/* Begin PBXFileReference section */
		9890B39D19F9F10600FC2E20 /* PhotoWake.app */ = {isa = PBXFileReference; explicitFileType = wrapper.application; includeInIndex = 0; path = PhotoWake.app; sourceTree = BUILT_PRODUCTS_DIR; };
		9890B3A119F9F10600FC2E20 /* Info.plist */ = {isa = PBXFileReference; lastKnownFileType = text.plist.xml; path = Info.plist; sourceTree = "<group>"; };
		9890B3A219F9F10600FC2E20 /* main.m */ = {isa = PBXFileReference; lastKnownFileType = sourcecode.c.objc; path = main.m; sourceTree = "<group>"; };
		9890B3A419F9F10700FC2E20 /* AppDelegate.h */ = {isa = PBXFileReference; lastKnownFileType = sourcecode.c.h; path = AppDelegate.h; sourceTree = "<group>"; };
		9890B3A519F9F10700FC2E20 /* AppDelegate.m */ = {isa = PBXFileReference; lastKnownFileType = sourcecode.c.objc; path = AppDelegate.m; sourceTree = "<group>"; };
		9890B3AB19F9F10700FC2E20 /* Base */ = {isa = PBXFileReference; lastKnownFileType = file.storyboard; name = Base; path = Base.lproj/Main.storyboard; sourceTree = "<group>"; };
		9890B3AD19F9F10700FC2E20 /* Images.xcassets */ = {isa = PBXFileReference; lastKnownFileType = folder.assetcatalog; path = Images.xcassets; sourceTree = "<group>"; };
		9890B3B019F9F10700FC2E20 /* Base */ = {isa = PBXFileReference; lastKnownFileType = file.xib; name = Base; path = Base.lproj/LaunchScreen.xib; sourceTree = "<group>"; };
		9890B3B619F9F10700FC2E20 /* PhotoWakeTests.xctest */ = {isa = PBXFileReference; explicitFileType = wrapper.cfbundle; includeInIndex = 0; path = PhotoWakeTests.xctest; sourceTree = BUILT_PRODUCTS_DIR; };
		9890B3BB19F9F10700FC2E20 /* Info.plist */ = {isa = PBXFileReference; lastKnownFileType = text.plist.xml; path = Info.plist; sourceTree = "<group>"; };
		9890B3BC19F9F10700FC2E20 /* PhotoWakeTests.m */ = {isa = PBXFileReference; lastKnownFileType = sourcecode.c.objc; path = PhotoWakeTests.m; sourceTree = "<group>"; };
		9890B3C719F9F44F00FC2E20 /* camera59.png */ = {isa = PBXFileReference; lastKnownFileType = image.png; path = camera59.png; sourceTree = "<group>"; };
		9890B3C819F9F44F00FC2E20 /* machine2.png */ = {isa = PBXFileReference; lastKnownFileType = image.png; path = machine2.png; sourceTree = "<group>"; };
		9890B3C919F9F44F00FC2E20 /* maps.png */ = {isa = PBXFileReference; lastKnownFileType = image.png; path = maps.png; sourceTree = "<group>"; };
		9890B3CA19F9F44F00FC2E20 /* movie42.png */ = {isa = PBXFileReference; lastKnownFileType = image.png; path = movie42.png; sourceTree = "<group>"; };
		9890B3CB19F9F44F00FC2E20 /* play2.png */ = {isa = PBXFileReference; lastKnownFileType = image.png; path = play2.png; sourceTree = "<group>"; };
		9890B3D219FA09A300FC2E20 /* silhouette4.png */ = {isa = PBXFileReference; lastKnownFileType = image.png; path = silhouette4.png; sourceTree = "<group>"; };
		9890B3D319FA09A300FC2E20 /* silhouette5.png */ = {isa = PBXFileReference; lastKnownFileType = image.png; path = silhouette5.png; sourceTree = "<group>"; };
		9890B3DB19FA0E6600FC2E20 /* Tokushima_40x40.png */ = {isa = PBXFileReference; lastKnownFileType = image.png; path = Tokushima_40x40.png; sourceTree = "<group>"; };
		9890B3DD19FA106100FC2E20 /* Slideshow_40x40.png */ = {isa = PBXFileReference; lastKnownFileType = image.png; path = Slideshow_40x40.png; sourceTree = "<group>"; };
		9890B3DF19FA111400FC2E20 /* Setting_40x40.png */ = {isa = PBXFileReference; lastKnownFileType = image.png; path = Setting_40x40.png; sourceTree = "<group>"; };
		9890B3ED19FA13E400FC2E20 /* MapKit.framework */ = {isa = PBXFileReference; lastKnownFileType = wrapper.framework; name = MapKit.framework; path = System/Library/Frameworks/MapKit.framework; sourceTree = SDKROOT; };
		9890B3EF19FA1BA000FC2E20 /* hata.png */ = {isa = PBXFileReference; lastKnownFileType = image.png; path = hata.png; sourceTree = "<group>"; };
		9890B3FA19FA27EF00FC2E20 /* little25_2.png */ = {isa = PBXFileReference; lastKnownFileType = image.png; path = little25_2.png; sourceTree = "<group>"; };
		9890B40219FA45A800FC2E20 /* CoreLocation.framework */ = {isa = PBXFileReference; lastKnownFileType = wrapper.framework; name = CoreLocation.framework; path = System/Library/Frameworks/CoreLocation.framework; sourceTree = SDKROOT; };
		98A07EFE19FD1A790045CECC /* CustomAnnotation_GPS_Old.h */ = {isa = PBXFileReference; fileEncoding = 4; lastKnownFileType = sourcecode.c.h; name = CustomAnnotation_GPS_Old.h; path = Tokushima/CustomAnnotation_GPS_Old.h; sourceTree = "<group>"; };
		98A07EFF19FD1A790045CECC /* CustomAnnotation_GPS_Old.m */ = {isa = PBXFileReference; fileEncoding = 4; lastKnownFileType = sourcecode.c.objc; name = CustomAnnotation_GPS_Old.m; path = Tokushima/CustomAnnotation_GPS_Old.m; sourceTree = "<group>"; };
		98A07F0019FD1A790045CECC /* CustomAnnotation_GPS.h */ = {isa = PBXFileReference; fileEncoding = 4; lastKnownFileType = sourcecode.c.h; name = CustomAnnotation_GPS.h; path = Tokushima/CustomAnnotation_GPS.h; sourceTree = "<group>"; };
		98A07F0119FD1A790045CECC /* CustomAnnotation_GPS.m */ = {isa = PBXFileReference; fileEncoding = 4; lastKnownFileType = sourcecode.c.objc; name = CustomAnnotation_GPS.m; path = Tokushima/CustomAnnotation_GPS.m; sourceTree = "<group>"; };
		98A07F0219FD1A790045CECC /* CustomAnnotation_Hata.h */ = {isa = PBXFileReference; fileEncoding = 4; lastKnownFileType = sourcecode.c.h; name = CustomAnnotation_Hata.h; path = Tokushima/CustomAnnotation_Hata.h; sourceTree = "<group>"; };
		98A07F0319FD1A790045CECC /* CustomAnnotation_Hata.m */ = {isa = PBXFileReference; fileEncoding = 4; lastKnownFileType = sourcecode.c.objc; name = CustomAnnotation_Hata.m; path = Tokushima/CustomAnnotation_Hata.m; sourceTree = "<group>"; };
		98A07F0419FD1A790045CECC /* CustomAnnotation_Photo.h */ = {isa = PBXFileReference; fileEncoding = 4; lastKnownFileType = sourcecode.c.h; name = CustomAnnotation_Photo.h; path = Tokushima/CustomAnnotation_Photo.h; sourceTree = "<group>"; };
		98A07F0519FD1A790045CECC /* CustomAnnotation_Photo.m */ = {isa = PBXFileReference; fileEncoding = 4; lastKnownFileType = sourcecode.c.objc; name = CustomAnnotation_Photo.m; path = Tokushima/CustomAnnotation_Photo.m; sourceTree = "<group>"; };
		98A07F0619FD1A790045CECC /* CustomAnnotation.h */ = {isa = PBXFileReference; fileEncoding = 4; lastKnownFileType = sourcecode.c.h; name = CustomAnnotation.h; path = Tokushima/CustomAnnotation.h; sourceTree = "<group>"; };
		98A07F0719FD1A790045CECC /* CustomAnnotation.m */ = {isa = PBXFileReference; fileEncoding = 4; lastKnownFileType = sourcecode.c.objc; name = CustomAnnotation.m; path = Tokushima/CustomAnnotation.m; sourceTree = "<group>"; };
		98A07F0819FD1A790045CECC /* HataViewController.h */ = {isa = PBXFileReference; fileEncoding = 4; lastKnownFileType = sourcecode.c.h; name = HataViewController.h; path = Tokushima/HataViewController.h; sourceTree = "<group>"; };
		98A07F0919FD1A790045CECC /* HataViewController.m */ = {isa = PBXFileReference; fileEncoding = 4; lastKnownFileType = sourcecode.c.objc; name = HataViewController.m; path = Tokushima/HataViewController.m; sourceTree = "<group>"; };
		98A07F0A19FD1A790045CECC /* MapViewController.h */ = {isa = PBXFileReference; fileEncoding = 4; lastKnownFileType = sourcecode.c.h; name = MapViewController.h; path = Tokushima/MapViewController.h; sourceTree = "<group>"; };
		98A07F0B19FD1A790045CECC /* MapViewController.m */ = {isa = PBXFileReference; fileEncoding = 4; lastKnownFileType = sourcecode.c.objc; name = MapViewController.m; path = Tokushima/MapViewController.m; sourceTree = "<group>"; };
		98A07F3419FD268D0045CECC /* CameraViewController.h */ = {isa = PBXFileReference; fileEncoding = 4; lastKnownFileType = sourcecode.c.h; name = CameraViewController.h; path = Camera/CameraViewController.h; sourceTree = "<group>"; };
		98A07F3519FD268D0045CECC /* CameraViewController.m */ = {isa = PBXFileReference; fileEncoding = 4; lastKnownFileType = sourcecode.c.objc; name = CameraViewController.m; path = Camera/CameraViewController.m; sourceTree = "<group>"; };
		98A07F3719FF16A10045CECC /* HanaView.xib */ = {isa = PBXFileReference; fileEncoding = 4; lastKnownFileType = file.xib; path = HanaView.xib; sourceTree = "<group>"; };
		98A07F3919FF185E0045CECC /* HataView.h */ = {isa = PBXFileReference; fileEncoding = 4; lastKnownFileType = sourcecode.c.h; name = HataView.h; path = Tokushima/HataView.h; sourceTree = "<group>"; };
		98A07F3A19FF185E0045CECC /* HataView.m */ = {isa = PBXFileReference; fileEncoding = 4; lastKnownFileType = sourcecode.c.objc; name = HataView.m; path = Tokushima/HataView.m; sourceTree = "<group>"; };
		98F93F4119FF57AF00D2A30A /* CustomAnnotation_HataOk.h */ = {isa = PBXFileReference; fileEncoding = 4; lastKnownFileType = sourcecode.c.h; name = CustomAnnotation_HataOk.h; path = Tokushima/CustomAnnotation_HataOk.h; sourceTree = "<group>"; };
		98F93F4219FF57AF00D2A30A /* CustomAnnotation_HataOk.m */ = {isa = PBXFileReference; fileEncoding = 4; lastKnownFileType = sourcecode.c.objc; name = CustomAnnotation_HataOk.m; path = Tokushima/CustomAnnotation_HataOk.m; sourceTree = "<group>"; };
		98F93F4719FF649B00D2A30A /* SlideshowViewController.h */ = {isa = PBXFileReference; fileEncoding = 4; lastKnownFileType = sourcecode.c.h; name = SlideshowViewController.h; path = ../../../../Downloads/Slideshow/PhotoWake/Slideshow/SlideshowViewController.h; sourceTree = "<group>"; };
		98F93F4819FF649B00D2A30A /* SlideshowViewController.m */ = {isa = PBXFileReference; fileEncoding = 4; lastKnownFileType = sourcecode.c.objc; name = SlideshowViewController.m; path = ../../../../Downloads/Slideshow/PhotoWake/Slideshow/SlideshowViewController.m; sourceTree = "<group>"; };
/* End PBXFileReference section */

/* Begin PBXFrameworksBuildPhase section */
		9890B39A19F9F10600FC2E20 /* Frameworks */ = {
			isa = PBXFrameworksBuildPhase;
			buildActionMask = 2147483647;
			files = (
				9890B40319FA45A800FC2E20 /* CoreLocation.framework in Frameworks */,
				9890B3EE19FA13E400FC2E20 /* MapKit.framework in Frameworks */,
			);
			runOnlyForDeploymentPostprocessing = 0;
		};
		9890B3B319F9F10700FC2E20 /* Frameworks */ = {
			isa = PBXFrameworksBuildPhase;
			buildActionMask = 2147483647;
			files = (
			);
			runOnlyForDeploymentPostprocessing = 0;
		};
/* End PBXFrameworksBuildPhase section */

/* Begin PBXGroup section */
		9890B39419F9F10600FC2E20 = {
			isa = PBXGroup;
			children = (
				9890B40219FA45A800FC2E20 /* CoreLocation.framework */,
				9890B3ED19FA13E400FC2E20 /* MapKit.framework */,
				9890B39F19F9F10600FC2E20 /* PhotoWake */,
				9890B3B919F9F10700FC2E20 /* PhotoWakeTests */,
				9890B39E19F9F10600FC2E20 /* Products */,
			);
			sourceTree = "<group>";
		};
		9890B39E19F9F10600FC2E20 /* Products */ = {
			isa = PBXGroup;
			children = (
				9890B39D19F9F10600FC2E20 /* PhotoWake.app */,
				9890B3B619F9F10700FC2E20 /* PhotoWakeTests.xctest */,
			);
			name = Products;
			sourceTree = "<group>";
		};
		9890B39F19F9F10600FC2E20 /* PhotoWake */ = {
			isa = PBXGroup;
			children = (
				9890B3AF19F9F10700FC2E20 /* LaunchScreen.xib */,
				9890B3AA19F9F10700FC2E20 /* Main.storyboard */,
				98A07F3719FF16A10045CECC /* HanaView.xib */,
				9890B3A419F9F10700FC2E20 /* AppDelegate.h */,
				9890B3A519F9F10700FC2E20 /* AppDelegate.m */,
				9890B3F119FA1C8A00FC2E20 /* Tokushima */,
				9890B3F219FA1CA700FC2E20 /* Camera */,
				9890B3F319FA1CD200FC2E20 /* Slideshow */,
				9890B3F419FA1CE600FC2E20 /* Setting */,
				9890B3AD19F9F10700FC2E20 /* Images.xcassets */,
				9890B3C619F9F44F00FC2E20 /* Images */,
				9890B3A019F9F10600FC2E20 /* Supporting Files */,
			);
			path = PhotoWake;
			sourceTree = "<group>";
		};
		9890B3A019F9F10600FC2E20 /* Supporting Files */ = {
			isa = PBXGroup;
			children = (
				9890B3A119F9F10600FC2E20 /* Info.plist */,
				9890B3A219F9F10600FC2E20 /* main.m */,
			);
			name = "Supporting Files";
			sourceTree = "<group>";
		};
		9890B3B919F9F10700FC2E20 /* PhotoWakeTests */ = {
			isa = PBXGroup;
			children = (
				9890B3BC19F9F10700FC2E20 /* PhotoWakeTests.m */,
				9890B3BA19F9F10700FC2E20 /* Supporting Files */,
			);
			path = PhotoWakeTests;
			sourceTree = "<group>";
		};
		9890B3BA19F9F10700FC2E20 /* Supporting Files */ = {
			isa = PBXGroup;
			children = (
				9890B3BB19F9F10700FC2E20 /* Info.plist */,
			);
			name = "Supporting Files";
			sourceTree = "<group>";
		};
		9890B3C619F9F44F00FC2E20 /* Images */ = {
			isa = PBXGroup;
			children = (
				9890B3FA19FA27EF00FC2E20 /* little25_2.png */,
				9890B3EF19FA1BA000FC2E20 /* hata.png */,
				9890B3DF19FA111400FC2E20 /* Setting_40x40.png */,
				9890B3DD19FA106100FC2E20 /* Slideshow_40x40.png */,
				9890B3DB19FA0E6600FC2E20 /* Tokushima_40x40.png */,
				9890B3D219FA09A300FC2E20 /* silhouette4.png */,
				9890B3D319FA09A300FC2E20 /* silhouette5.png */,
				9890B3C719F9F44F00FC2E20 /* camera59.png */,
				9890B3C819F9F44F00FC2E20 /* machine2.png */,
				9890B3C919F9F44F00FC2E20 /* maps.png */,
				9890B3CA19F9F44F00FC2E20 /* movie42.png */,
				9890B3CB19F9F44F00FC2E20 /* play2.png */,
			);
			path = Images;
			sourceTree = "<group>";
		};
		9890B3F119FA1C8A00FC2E20 /* Tokushima */ = {
			isa = PBXGroup;
			children = (
				98A07F0A19FD1A790045CECC /* MapViewController.h */,
				98A07F0B19FD1A790045CECC /* MapViewController.m */,
				98A07EFE19FD1A790045CECC /* CustomAnnotation_GPS_Old.h */,
				98A07EFF19FD1A790045CECC /* CustomAnnotation_GPS_Old.m */,
				98A07F0019FD1A790045CECC /* CustomAnnotation_GPS.h */,
				98A07F0119FD1A790045CECC /* CustomAnnotation_GPS.m */,
				98A07F0219FD1A790045CECC /* CustomAnnotation_Hata.h */,
				98A07F0319FD1A790045CECC /* CustomAnnotation_Hata.m */,
				98F93F4119FF57AF00D2A30A /* CustomAnnotation_HataOk.h */,
				98F93F4219FF57AF00D2A30A /* CustomAnnotation_HataOk.m */,
				98A07F0419FD1A790045CECC /* CustomAnnotation_Photo.h */,
				98A07F0519FD1A790045CECC /* CustomAnnotation_Photo.m */,
				98A07F0619FD1A790045CECC /* CustomAnnotation.h */,
				98A07F0719FD1A790045CECC /* CustomAnnotation.m */,
				98A07F0819FD1A790045CECC /* HataViewController.h */,
				98A07F0919FD1A790045CECC /* HataViewController.m */,
				98A07F3919FF185E0045CECC /* HataView.h */,
				98A07F3A19FF185E0045CECC /* HataView.m */,
			);
			name = Tokushima;
			sourceTree = "<group>";
		};
		9890B3F219FA1CA700FC2E20 /* Camera */ = {
			isa = PBXGroup;
			children = (
				98A07F3419FD268D0045CECC /* CameraViewController.h */,
				98A07F3519FD268D0045CECC /* CameraViewController.m */,
			);
			name = Camera;
			sourceTree = "<group>";
		};
		9890B3F319FA1CD200FC2E20 /* Slideshow */ = {
			isa = PBXGroup;
			children = (
				98F93F4719FF649B00D2A30A /* SlideshowViewController.h */,
				98F93F4819FF649B00D2A30A /* SlideshowViewController.m */,
			);
			name = Slideshow;
			sourceTree = "<group>";
		};
		9890B3F419FA1CE600FC2E20 /* Setting */ = {
			isa = PBXGroup;
			children = (
			);
			name = Setting;
			sourceTree = "<group>";
		};
/* End PBXGroup section */

/* Begin PBXNativeTarget section */
		9890B39C19F9F10600FC2E20 /* PhotoWake */ = {
			isa = PBXNativeTarget;
			buildConfigurationList = 9890B3C019F9F10700FC2E20 /* Build configuration list for PBXNativeTarget "PhotoWake" */;
			buildPhases = (
				9890B39919F9F10600FC2E20 /* Sources */,
				9890B39A19F9F10600FC2E20 /* Frameworks */,
				9890B39B19F9F10600FC2E20 /* Resources */,
			);
			buildRules = (
			);
			dependencies = (
			);
			name = PhotoWake;
			productName = PhotoWake;
			productReference = 9890B39D19F9F10600FC2E20 /* PhotoWake.app */;
			productType = "com.apple.product-type.application";
		};
		9890B3B519F9F10700FC2E20 /* PhotoWakeTests */ = {
			isa = PBXNativeTarget;
			buildConfigurationList = 9890B3C319F9F10700FC2E20 /* Build configuration list for PBXNativeTarget "PhotoWakeTests" */;
			buildPhases = (
				9890B3B219F9F10700FC2E20 /* Sources */,
				9890B3B319F9F10700FC2E20 /* Frameworks */,
				9890B3B419F9F10700FC2E20 /* Resources */,
			);
			buildRules = (
			);
			dependencies = (
				9890B3B819F9F10700FC2E20 /* PBXTargetDependency */,
			);
			name = PhotoWakeTests;
			productName = PhotoWakeTests;
			productReference = 9890B3B619F9F10700FC2E20 /* PhotoWakeTests.xctest */;
			productType = "com.apple.product-type.bundle.unit-test";
		};
/* End PBXNativeTarget section */

/* Begin PBXProject section */
		9890B39519F9F10600FC2E20 /* Project object */ = {
			isa = PBXProject;
			attributes = {
				LastUpgradeCheck = 0610;
				ORGANIZATIONNAME = "寺内 信夫";
				TargetAttributes = {
					9890B39C19F9F10600FC2E20 = {
						CreatedOnToolsVersion = 6.1;
						DevelopmentTeam = 4MR9PFC32K;
					};
					9890B3B519F9F10700FC2E20 = {
						CreatedOnToolsVersion = 6.1;
						TestTargetID = 9890B39C19F9F10600FC2E20;
					};
				};
			};
			buildConfigurationList = 9890B39819F9F10600FC2E20 /* Build configuration list for PBXProject "PhotoWake" */;
			compatibilityVersion = "Xcode 3.2";
			developmentRegion = English;
			hasScannedForEncodings = 0;
			knownRegions = (
				en,
				Base,
			);
			mainGroup = 9890B39419F9F10600FC2E20;
			productRefGroup = 9890B39E19F9F10600FC2E20 /* Products */;
			projectDirPath = "";
			projectRoot = "";
			targets = (
				9890B39C19F9F10600FC2E20 /* PhotoWake */,
				9890B3B519F9F10700FC2E20 /* PhotoWakeTests */,
			);
		};
/* End PBXProject section */

/* Begin PBXResourcesBuildPhase section */
		9890B39B19F9F10600FC2E20 /* Resources */ = {
			isa = PBXResourcesBuildPhase;
			buildActionMask = 2147483647;
			files = (
				9890B3DE19FA106100FC2E20 /* Slideshow_40x40.png in Resources */,
				9890B3AC19F9F10700FC2E20 /* Main.storyboard in Resources */,
				9890B3CF19F9F44F00FC2E20 /* movie42.png in Resources */,
				9890B3B119F9F10700FC2E20 /* LaunchScreen.xib in Resources */,
				98A07F3819FF16A10045CECC /* HanaView.xib in Resources */,
				9890B3FB19FA27EF00FC2E20 /* little25_2.png in Resources */,
				9890B3CE19F9F44F00FC2E20 /* maps.png in Resources */,
				9890B3DC19FA0E6600FC2E20 /* Tokushima_40x40.png in Resources */,
				9890B3D019F9F44F00FC2E20 /* play2.png in Resources */,
				9890B3D619FA09A300FC2E20 /* silhouette4.png in Resources */,
				9890B3CC19F9F44F00FC2E20 /* camera59.png in Resources */,
				9890B3CD19F9F44F00FC2E20 /* machine2.png in Resources */,
				9890B3F019FA1BA000FC2E20 /* hata.png in Resources */,
				9890B3AE19F9F10700FC2E20 /* Images.xcassets in Resources */,
				9890B3D719FA09A300FC2E20 /* silhouette5.png in Resources */,
				9890B3E019FA111400FC2E20 /* Setting_40x40.png in Resources */,
			);
			runOnlyForDeploymentPostprocessing = 0;
		};
		9890B3B419F9F10700FC2E20 /* Resources */ = {
			isa = PBXResourcesBuildPhase;
			buildActionMask = 2147483647;
			files = (
			);
			runOnlyForDeploymentPostprocessing = 0;
		};
/* End PBXResourcesBuildPhase section */

/* Begin PBXSourcesBuildPhase section */
		9890B39919F9F10600FC2E20 /* Sources */ = {
			isa = PBXSourcesBuildPhase;
			buildActionMask = 2147483647;
			files = (
				98A07F0E19FD1A790045CECC /* CustomAnnotation_Hata.m in Sources */,
				98F93F4319FF57AF00D2A30A /* CustomAnnotation_HataOk.m in Sources */,
				98A07F0D19FD1A790045CECC /* CustomAnnotation_GPS.m in Sources */,
				9890B3A619F9F10700FC2E20 /* AppDelegate.m in Sources */,
				98A07F1219FD1A790045CECC /* MapViewController.m in Sources */,
				98A07F0C19FD1A790045CECC /* CustomAnnotation_GPS_Old.m in Sources */,
				98A07F3619FD268D0045CECC /* CameraViewController.m in Sources */,
				98A07F1119FD1A790045CECC /* HataViewController.m in Sources */,
				98A07F0F19FD1A790045CECC /* CustomAnnotation_Photo.m in Sources */,
				98A07F1019FD1A790045CECC /* CustomAnnotation.m in Sources */,
				98A07F3B19FF185E0045CECC /* HataView.m in Sources */,
				9890B3A319F9F10600FC2E20 /* main.m in Sources */,
				98F93F4919FF649B00D2A30A /* SlideshowViewController.m in Sources */,
			);
			runOnlyForDeploymentPostprocessing = 0;
		};
		9890B3B219F9F10700FC2E20 /* Sources */ = {
			isa = PBXSourcesBuildPhase;
			buildActionMask = 2147483647;
			files = (
				9890B3BD19F9F10700FC2E20 /* PhotoWakeTests.m in Sources */,
			);
			runOnlyForDeploymentPostprocessing = 0;
		};
/* End PBXSourcesBuildPhase section */

/* Begin PBXTargetDependency section */
		9890B3B819F9F10700FC2E20 /* PBXTargetDependency */ = {
			isa = PBXTargetDependency;
			target = 9890B39C19F9F10600FC2E20 /* PhotoWake */;
			targetProxy = 9890B3B719F9F10700FC2E20 /* PBXContainerItemProxy */;
		};
/* End PBXTargetDependency section */

/* Begin PBXVariantGroup section */
		9890B3AA19F9F10700FC2E20 /* Main.storyboard */ = {
			isa = PBXVariantGroup;
			children = (
				9890B3AB19F9F10700FC2E20 /* Base */,
			);
			name = Main.storyboard;
			sourceTree = "<group>";
		};
		9890B3AF19F9F10700FC2E20 /* LaunchScreen.xib */ = {
			isa = PBXVariantGroup;
			children = (
				9890B3B019F9F10700FC2E20 /* Base */,
			);
			name = LaunchScreen.xib;
			sourceTree = "<group>";
		};
/* End PBXVariantGroup section */

/* Begin XCBuildConfiguration section */
		9890B3BE19F9F10700FC2E20 /* Debug */ = {
			isa = XCBuildConfiguration;
			buildSettings = {
				ALWAYS_SEARCH_USER_PATHS = NO;
				CLANG_CXX_LANGUAGE_STANDARD = "gnu++0x";
				CLANG_CXX_LIBRARY = "libc++";
				CLANG_ENABLE_MODULES = YES;
				CLANG_ENABLE_OBJC_ARC = YES;
				CLANG_WARN_BOOL_CONVERSION = YES;
				CLANG_WARN_CONSTANT_CONVERSION = YES;
				CLANG_WARN_DIRECT_OBJC_ISA_USAGE = YES_ERROR;
				CLANG_WARN_EMPTY_BODY = YES;
				CLANG_WARN_ENUM_CONVERSION = YES;
				CLANG_WARN_INT_CONVERSION = YES;
				CLANG_WARN_OBJC_ROOT_CLASS = YES_ERROR;
				CLANG_WARN_UNREACHABLE_CODE = YES;
				CLANG_WARN__DUPLICATE_METHOD_MATCH = YES;
				"CODE_SIGN_IDENTITY[sdk=iphoneos*]" = "iPhone Developer";
				COPY_PHASE_STRIP = NO;
				ENABLE_STRICT_OBJC_MSGSEND = YES;
				GCC_C_LANGUAGE_STANDARD = gnu99;
				GCC_DYNAMIC_NO_PIC = NO;
				GCC_OPTIMIZATION_LEVEL = 0;
				GCC_PREPROCESSOR_DEFINITIONS = (
					"DEBUG=1",
					"$(inherited)",
				);
				GCC_SYMBOLS_PRIVATE_EXTERN = NO;
				GCC_WARN_64_TO_32_BIT_CONVERSION = YES;
				GCC_WARN_ABOUT_RETURN_TYPE = YES_ERROR;
				GCC_WARN_UNDECLARED_SELECTOR = YES;
				GCC_WARN_UNINITIALIZED_AUTOS = YES_AGGRESSIVE;
				GCC_WARN_UNUSED_FUNCTION = YES;
				GCC_WARN_UNUSED_VARIABLE = YES;
				IPHONEOS_DEPLOYMENT_TARGET = 8.1;
				MTL_ENABLE_DEBUG_INFO = YES;
				ONLY_ACTIVE_ARCH = YES;
				SDKROOT = iphoneos;
				TARGETED_DEVICE_FAMILY = "1,2";
			};
			name = Debug;
		};
		9890B3BF19F9F10700FC2E20 /* Release */ = {
			isa = XCBuildConfiguration;
			buildSettings = {
				ALWAYS_SEARCH_USER_PATHS = NO;
				CLANG_CXX_LANGUAGE_STANDARD = "gnu++0x";
				CLANG_CXX_LIBRARY = "libc++";
				CLANG_ENABLE_MODULES = YES;
				CLANG_ENABLE_OBJC_ARC = YES;
				CLANG_WARN_BOOL_CONVERSION = YES;
				CLANG_WARN_CONSTANT_CONVERSION = YES;
				CLANG_WARN_DIRECT_OBJC_ISA_USAGE = YES_ERROR;
				CLANG_WARN_EMPTY_BODY = YES;
				CLANG_WARN_ENUM_CONVERSION = YES;
				CLANG_WARN_INT_CONVERSION = YES;
				CLANG_WARN_OBJC_ROOT_CLASS = YES_ERROR;
				CLANG_WARN_UNREACHABLE_CODE = YES;
				CLANG_WARN__DUPLICATE_METHOD_MATCH = YES;
				"CODE_SIGN_IDENTITY[sdk=iphoneos*]" = "iPhone Developer";
				COPY_PHASE_STRIP = YES;
				ENABLE_NS_ASSERTIONS = NO;
				ENABLE_STRICT_OBJC_MSGSEND = YES;
				GCC_C_LANGUAGE_STANDARD = gnu99;
				GCC_WARN_64_TO_32_BIT_CONVERSION = YES;
				GCC_WARN_ABOUT_RETURN_TYPE = YES_ERROR;
				GCC_WARN_UNDECLARED_SELECTOR = YES;
				GCC_WARN_UNINITIALIZED_AUTOS = YES_AGGRESSIVE;
				GCC_WARN_UNUSED_FUNCTION = YES;
				GCC_WARN_UNUSED_VARIABLE = YES;
				IPHONEOS_DEPLOYMENT_TARGET = 8.1;
				MTL_ENABLE_DEBUG_INFO = NO;
				SDKROOT = iphoneos;
				TARGETED_DEVICE_FAMILY = "1,2";
				VALIDATE_PRODUCT = YES;
			};
			name = Release;
		};
		9890B3C119F9F10700FC2E20 /* Debug */ = {
			isa = XCBuildConfiguration;
			buildSettings = {
				ASSETCATALOG_COMPILER_APPICON_NAME = AppIcon;
				CODE_SIGN_IDENTITY = "iPhone Developer";
				"CODE_SIGN_IDENTITY[sdk=iphoneos*]" = "iPhone Developer";
				INFOPLIST_FILE = PhotoWake/Info.plist;
				IPHONEOS_DEPLOYMENT_TARGET = 8.0;
				LD_RUNPATH_SEARCH_PATHS = "$(inherited) @executable_path/Frameworks";
				PRODUCT_NAME = "$(TARGET_NAME)";
				PROVISIONING_PROFILE = "";
				TARGETED_DEVICE_FAMILY = "1,2";
			};
			name = Debug;
		};
		9890B3C219F9F10700FC2E20 /* Release */ = {
			isa = XCBuildConfiguration;
			buildSettings = {
				ASSETCATALOG_COMPILER_APPICON_NAME = AppIcon;
				CODE_SIGN_IDENTITY = "iPhone Developer";
				"CODE_SIGN_IDENTITY[sdk=iphoneos*]" = "iPhone Developer";
				INFOPLIST_FILE = PhotoWake/Info.plist;
				IPHONEOS_DEPLOYMENT_TARGET = 8.0;
				LD_RUNPATH_SEARCH_PATHS = "$(inherited) @executable_path/Frameworks";
				PRODUCT_NAME = "$(TARGET_NAME)";
				PROVISIONING_PROFILE = "";
				TARGETED_DEVICE_FAMILY = "1,2";
			};
			name = Release;
		};
		9890B3C419F9F10700FC2E20 /* Debug */ = {
			isa = XCBuildConfiguration;
			buildSettings = {
				BUNDLE_LOADER = "$(TEST_HOST)";
				FRAMEWORK_SEARCH_PATHS = (
					"$(SDKROOT)/Developer/Library/Frameworks",
					"$(inherited)",
				);
				GCC_PREPROCESSOR_DEFINITIONS = (
					"DEBUG=1",
					"$(inherited)",
				);
				INFOPLIST_FILE = PhotoWakeTests/Info.plist;
				LD_RUNPATH_SEARCH_PATHS = "$(inherited) @executable_path/Frameworks @loader_path/Frameworks";
				PRODUCT_NAME = "$(TARGET_NAME)";
				TEST_HOST = "$(BUILT_PRODUCTS_DIR)/PhotoWake.app/PhotoWake";
			};
			name = Debug;
		};
		9890B3C519F9F10700FC2E20 /* Release */ = {
			isa = XCBuildConfiguration;
			buildSettings = {
				BUNDLE_LOADER = "$(TEST_HOST)";
				FRAMEWORK_SEARCH_PATHS = (
					"$(SDKROOT)/Developer/Library/Frameworks",
					"$(inherited)",
				);
				INFOPLIST_FILE = PhotoWakeTests/Info.plist;
				LD_RUNPATH_SEARCH_PATHS = "$(inherited) @executable_path/Frameworks @loader_path/Frameworks";
				PRODUCT_NAME = "$(TARGET_NAME)";
				TEST_HOST = "$(BUILT_PRODUCTS_DIR)/PhotoWake.app/PhotoWake";
			};
			name = Release;
		};
/* End XCBuildConfiguration section */

/* Begin XCConfigurationList section */
		9890B39819F9F10600FC2E20 /* Build configuration list for PBXProject "PhotoWake" */ = {
			isa = XCConfigurationList;
			buildConfigurations = (
				9890B3BE19F9F10700FC2E20 /* Debug */,
				9890B3BF19F9F10700FC2E20 /* Release */,
			);
			defaultConfigurationIsVisible = 0;
			defaultConfigurationName = Release;
		};
		9890B3C019F9F10700FC2E20 /* Build configuration list for PBXNativeTarget "PhotoWake" */ = {
			isa = XCConfigurationList;
			buildConfigurations = (
				9890B3C119F9F10700FC2E20 /* Debug */,
				9890B3C219F9F10700FC2E20 /* Release */,
			);
			defaultConfigurationIsVisible = 0;
			defaultConfigurationName = Release;
		};
		9890B3C319F9F10700FC2E20 /* Build configuration list for PBXNativeTarget "PhotoWakeTests" */ = {
			isa = XCConfigurationList;
			buildConfigurations = (
				9890B3C419F9F10700FC2E20 /* Debug */,
				9890B3C519F9F10700FC2E20 /* Release */,
			);
			defaultConfigurationIsVisible = 0;
			defaultConfigurationName = Release;
		};
/* End XCConfigurationList section */
	};
	rootObject = 9890B39519F9F10600FC2E20 /* Project object */;
}
