// !$*UTF8*$!
{
	archiveVersion = 1;
	classes = {
	};
	objectVersion = 46;
	objects = {

/* Begin PBXBuildFile section */
		9890B3A319F9F10600FC2E20 /* main.m in Sources */ = {isa = PBXBuildFile; fileRef = 9890B3A219F9F10600FC2E20 /* main.m */; };
		9890B3A619F9F10700FC2E20 /* AppDelegate.m in Sources */ = {isa = PBXBuildFile; fileRef = 9890B3A519F9F10700FC2E20 /* AppDelegate.m */; };
		9890B3A919F9F10700FC2E20 /* ViewController.m in Sources */ = {isa = PBXBuildFile; fileRef = 9890B3A819F9F10700FC2E20 /* ViewController.m */; };
		9890B3AC19F9F10700FC2E20 /* Main.storyboard in Resources */ = {isa = PBXBuildFile; fileRef = 9890B3AA19F9F10700FC2E20 /* Main.storyboard */; };
		9890B3AE19F9F10700FC2E20 /* Images.xcassets in Resources */ = {isa = PBXBuildFile; fileRef = 9890B3AD19F9F10700FC2E20 /* Images.xcassets */; };
		9890B3B119F9F10700FC2E20 /* LaunchScreen.xib in Resources */ = {isa = PBXBuildFile; fileRef = 9890B3AF19F9F10700FC2E20 /* LaunchScreen.xib */; };
		9890B3BD19F9F10700FC2E20 /* PhotoWakeTests.m in Sources */ = {isa = PBXBuildFile; fileRef = 9890B3BC19F9F10700FC2E20 /* PhotoWakeTests.m */; };
/* End PBXBuildFile section */

/* Begin PBXContainerItemProxy section */
		9890B3B719F9F10700FC2E20 /* PBXContainerItemProxy */ = {
			isa = PBXContainerItemProxy;
			containerPortal = 9890B39519F9F10600FC2E20 /* Project object */;
			proxyType = 1;
			remoteGlobalIDString = 9890B39C19F9F10600FC2E20;
			remoteInfo = PhotoWake;
		};
/* End PBXContainerItemProxy section */

/* Begin PBXFileReference section */
		9890B39D19F9F10600FC2E20 /* PhotoWake.app */ = {isa = PBXFileReference; explicitFileType = wrapper.application; includeInIndex = 0; path = PhotoWake.app; sourceTree = BUILT_PRODUCTS_DIR; };
		9890B3A119F9F10600FC2E20 /* Info.plist */ = {isa = PBXFileReference; lastKnownFileType = text.plist.xml; path = Info.plist; sourceTree = "<group>"; };
		9890B3A219F9F10600FC2E20 /* main.m */ = {isa = PBXFileReference; lastKnownFileType = sourcecode.c.objc; path = main.m; sourceTree = "<group>"; };
		9890B3A419F9F10700FC2E20 /* AppDelegate.h */ = {isa = PBXFileReference; lastKnownFileType = sourcecode.c.h; path = AppDelegate.h; sourceTree = "<group>"; };
		9890B3A519F9F10700FC2E20 /* AppDelegate.m */ = {isa = PBXFileReference; lastKnownFileType = sourcecode.c.objc; path = AppDelegate.m; sourceTree = "<group>"; };
		9890B3A719F9F10700FC2E20 /* ViewController.h */ = {isa = PBXFileReference; lastKnownFileType = sourcecode.c.h; path = ViewController.h; sourceTree = "<group>"; };
		9890B3A819F9F10700FC2E20 /* ViewController.m */ = {isa = PBXFileReference; lastKnownFileType = sourcecode.c.objc; path = ViewController.m; sourceTree = "<group>"; };
		9890B3AB19F9F10700FC2E20 /* Base */ = {isa = PBXFileReference; lastKnownFileType = file.storyboard; name = Base; path = Base.lproj/Main.storyboard; sourceTree = "<group>"; };
		9890B3AD19F9F10700FC2E20 /* Images.xcassets */ = {isa = PBXFileReference; lastKnownFileType = folder.assetcatalog; path = Images.xcassets; sourceTree = "<group>"; };
		9890B3B019F9F10700FC2E20 /* Base */ = {isa = PBXFileReference; lastKnownFileType = file.xib; name = Base; path = Base.lproj/LaunchScreen.xib; sourceTree = "<group>"; };
		9890B3B619F9F10700FC2E20 /* PhotoWakeTests.xctest */ = {isa = PBXFileReference; explicitFileType = wrapper.cfbundle; includeInIndex = 0; path = PhotoWakeTests.xctest; sourceTree = BUILT_PRODUCTS_DIR; };
		9890B3BB19F9F10700FC2E20 /* Info.plist */ = {isa = PBXFileReference; lastKnownFileType = text.plist.xml; path = Info.plist; sourceTree = "<group>"; };
		9890B3BC19F9F10700FC2E20 /* PhotoWakeTests.m */ = {isa = PBXFileReference; lastKnownFileType = sourcecode.c.objc; path = PhotoWakeTests.m; sourceTree = "<group>"; };
/* End PBXFileReference section */

/* Begin PBXFrameworksBuildPhase section */
		9890B39A19F9F10600FC2E20 /* Frameworks */ = {
			isa = PBXFrameworksBuildPhase;
			buildActionMask = 2147483647;
			files = (
			);
			runOnlyForDeploymentPostprocessing = 0;
		};
		9890B3B319F9F10700FC2E20 /* Frameworks */ = {
			isa = PBXFrameworksBuildPhase;
			buildActionMask = 2147483647;
			files = (
			);
			runOnlyForDeploymentPostprocessing = 0;
		};
/* End PBXFrameworksBuildPhase section */

/* Begin PBXGroup section */
		9890B39419F9F10600FC2E20 = {
			isa = PBXGroup;
			children = (
				9890B39F19F9F10600FC2E20 /* PhotoWake */,
				9890B3B919F9F10700FC2E20 /* PhotoWakeTests */,
				9890B39E19F9F10600FC2E20 /* Products */,
			);
			sourceTree = "<group>";
		};
		9890B39E19F9F10600FC2E20 /* Products */ = {
			isa = PBXGroup;
			children = (
				9890B39D19F9F10600FC2E20 /* PhotoWake.app */,
				9890B3B619F9F10700FC2E20 /* PhotoWakeTests.xctest */,
			);
			name = Products;
			sourceTree = "<group>";
		};
		9890B39F19F9F10600FC2E20 /* PhotoWake */ = {
			isa = PBXGroup;
			children = (
				9890B3A419F9F10700FC2E20 /* AppDelegate.h */,
				9890B3A519F9F10700FC2E20 /* AppDelegate.m */,
				9890B3A719F9F10700FC2E20 /* ViewController.h */,
				9890B3A819F9F10700FC2E20 /* ViewController.m */,
				9890B3AA19F9F10700FC2E20 /* Main.storyboard */,
				9890B3AD19F9F10700FC2E20 /* Images.xcassets */,
				9890B3AF19F9F10700FC2E20 /* LaunchScreen.xib */,
				9890B3A019F9F10600FC2E20 /* Supporting Files */,
			);
			path = PhotoWake;
			sourceTree = "<group>";
		};
		9890B3A019F9F10600FC2E20 /* Supporting Files */ = {
			isa = PBXGroup;
			children = (
				9890B3A119F9F10600FC2E20 /* Info.plist */,
				9890B3A219F9F10600FC2E20 /* main.m */,
			);
			name = "Supporting Files";
			sourceTree = "<group>";
		};
		9890B3B919F9F10700FC2E20 /* PhotoWakeTests */ = {
			isa = PBXGroup;
			children = (
				9890B3BC19F9F10700FC2E20 /* PhotoWakeTests.m */,
				9890B3BA19F9F10700FC2E20 /* Supporting Files */,
			);
			path = PhotoWakeTests;
			sourceTree = "<group>";
		};
		9890B3BA19F9F10700FC2E20 /* Supporting Files */ = {
			isa = PBXGroup;
			children = (
				9890B3BB19F9F10700FC2E20 /* Info.plist */,
			);
			name = "Supporting Files";
			sourceTree = "<group>";
		};
/* End PBXGroup section */

/* Begin PBXNativeTarget section */
		9890B39C19F9F10600FC2E20 /* PhotoWake */ = {
			isa = PBXNativeTarget;
			buildConfigurationList = 9890B3C019F9F10700FC2E20 /* Build configuration list for PBXNativeTarget "PhotoWake" */;
			buildPhases = (
				9890B39919F9F10600FC2E20 /* Sources */,
				9890B39A19F9F10600FC2E20 /* Frameworks */,
				9890B39B19F9F10600FC2E20 /* Resources */,
			);
			buildRules = (
			);
			dependencies = (
			);
			name = PhotoWake;
			productName = PhotoWake;
			productReference = 9890B39D19F9F10600FC2E20 /* PhotoWake.app */;
			productType = "com.apple.product-type.application";
		};
		9890B3B519F9F10700FC2E20 /* PhotoWakeTests */ = {
			isa = PBXNativeTarget;
			buildConfigurationList = 9890B3C319F9F10700FC2E20 /* Build configuration list for PBXNativeTarget "PhotoWakeTests" */;
			buildPhases = (
				9890B3B219F9F10700FC2E20 /* Sources */,
				9890B3B319F9F10700FC2E20 /* Frameworks */,
				9890B3B419F9F10700FC2E20 /* Resources */,
			);
			buildRules = (
			);
			dependencies = (
				9890B3B819F9F10700FC2E20 /* PBXTargetDependency */,
			);
			name = PhotoWakeTests;
			productName = PhotoWakeTests;
			productReference = 9890B3B619F9F10700FC2E20 /* PhotoWakeTests.xctest */;
			productType = "com.apple.product-type.bundle.unit-test";
		};
/* End PBXNativeTarget section */

/* Begin PBXProject section */
		9890B39519F9F10600FC2E20 /* Project object */ = {
			isa = PBXProject;
			attributes = {
				LastUpgradeCheck = 0610;
				ORGANIZATIONNAME = "寺内 信夫";
				TargetAttributes = {
					9890B39C19F9F10600FC2E20 = {
						CreatedOnToolsVersion = 6.1;
					};
					9890B3B519F9F10700FC2E20 = {
						CreatedOnToolsVersion = 6.1;
						TestTargetID = 9890B39C19F9F10600FC2E20;
					};
				};
			};
			buildConfigurationList = 9890B39819F9F10600FC2E20 /* Build configuration list for PBXProject "PhotoWake" */;
			compatibilityVersion = "Xcode 3.2";
			developmentRegion = English;
			hasScannedForEncodings = 0;
			knownRegions = (
				en,
				Base,
			);
			mainGroup = 9890B39419F9F10600FC2E20;
			productRefGroup = 9890B39E19F9F10600FC2E20 /* Products */;
			projectDirPath = "";
			projectRoot = "";
			targets = (
				9890B39C19F9F10600FC2E20 /* PhotoWake */,
				9890B3B519F9F10700FC2E20 /* PhotoWakeTests */,
			);
		};
/* End PBXProject section */

/* Begin PBXResourcesBuildPhase section */
		9890B39B19F9F10600FC2E20 /* Resources */ = {
			isa = PBXResourcesBuildPhase;
			buildActionMask = 2147483647;
			files = (
				9890B3AC19F9F10700FC2E20 /* Main.storyboard in Resources */,
				9890B3B119F9F10700FC2E20 /* LaunchScreen.xib in Resources */,
				9890B3AE19F9F10700FC2E20 /* Images.xcassets in Resources */,
			);
			runOnlyForDeploymentPostprocessing = 0;
		};
		9890B3B419F9F10700FC2E20 /* Resources */ = {
			isa = PBXResourcesBuildPhase;
			buildActionMask = 2147483647;
			files = (
			);
			runOnlyForDeploymentPostprocessing = 0;
		};
/* End PBXResourcesBuildPhase section */

/* Begin PBXSourcesBuildPhase section */
		9890B39919F9F10600FC2E20 /* Sources */ = {
			isa = PBXSourcesBuildPhase;
			buildActionMask = 2147483647;
			files = (
				9890B3A919F9F10700FC2E20 /* ViewController.m in Sources */,
				9890B3A619F9F10700FC2E20 /* AppDelegate.m in Sources */,
				9890B3A319F9F10600FC2E20 /* main.m in Sources */,
			);
			runOnlyForDeploymentPostprocessing = 0;
		};
		9890B3B219F9F10700FC2E20 /* Sources */ = {
			isa = PBXSourcesBuildPhase;
			buildActionMask = 2147483647;
			files = (
				9890B3BD19F9F10700FC2E20 /* PhotoWakeTests.m in Sources */,
			);
			runOnlyForDeploymentPostprocessing = 0;
		};
/* End PBXSourcesBuildPhase section */

/* Begin PBXTargetDependency section */
		9890B3B819F9F10700FC2E20 /* PBXTargetDependency */ = {
			isa = PBXTargetDependency;
			target = 9890B39C19F9F10600FC2E20 /* PhotoWake */;
			targetProxy = 9890B3B719F9F10700FC2E20 /* PBXContainerItemProxy */;
		};
/* End PBXTargetDependency section */

/* Begin PBXVariantGroup section */
		9890B3AA19F9F10700FC2E20 /* Main.storyboard */ = {
			isa = PBXVariantGroup;
			children = (
				9890B3AB19F9F10700FC2E20 /* Base */,
			);
			name = Main.storyboard;
			sourceTree = "<group>";
		};
		9890B3AF19F9F10700FC2E20 /* LaunchScreen.xib */ = {
			isa = PBXVariantGroup;
			children = (
				9890B3B019F9F10700FC2E20 /* Base */,
			);
			name = LaunchScreen.xib;
			sourceTree = "<group>";
		};
/* End PBXVariantGroup section */

/* Begin XCBuildConfiguration section */
		9890B3BE19F9F10700FC2E20 /* Debug */ = {
			isa = XCBuildConfiguration;
			buildSettings = {
				ALWAYS_SEARCH_USER_PATHS = NO;
				CLANG_CXX_LANGUAGE_STANDARD = "gnu++0x";
				CLANG_CXX_LIBRARY = "libc++";
				CLANG_ENABLE_MODULES = YES;
				CLANG_ENABLE_OBJC_ARC = YES;
				CLANG_WARN_BOOL_CONVERSION = YES;
				CLANG_WARN_CONSTANT_CONVERSION = YES;
				CLANG_WARN_DIRECT_OBJC_ISA_USAGE = YES_ERROR;
				CLANG_WARN_EMPTY_BODY = YES;
				CLANG_WARN_ENUM_CONVERSION = YES;
				CLANG_WARN_INT_CONVERSION = YES;
				CLANG_WARN_OBJC_ROOT_CLASS = YES_ERROR;
				CLANG_WARN_UNREACHABLE_CODE = YES;
				CLANG_WARN__DUPLICATE_METHOD_MATCH = YES;
				"CODE_SIGN_IDENTITY[sdk=iphoneos*]" = "iPhone Developer";
				COPY_PHASE_STRIP = NO;
				ENABLE_STRICT_OBJC_MSGSEND = YES;
				GCC_C_LANGUAGE_STANDARD = gnu99;
				GCC_DYNAMIC_NO_PIC = NO;
				GCC_OPTIMIZATION_LEVEL = 0;
				GCC_PREPROCESSOR_DEFINITIONS = (
					"DEBUG=1",
					"$(inherited)",
				);
				GCC_SYMBOLS_PRIVATE_EXTERN = NO;
				GCC_WARN_64_TO_32_BIT_CONVERSION = YES;
				GCC_WARN_ABOUT_RETURN_TYPE = YES_ERROR;
				GCC_WARN_UNDECLARED_SELECTOR = YES;
				GCC_WARN_UNINITIALIZED_AUTOS = YES_AGGRESSIVE;
				GCC_WARN_UNUSED_FUNCTION = YES;
				GCC_WARN_UNUSED_VARIABLE = YES;
				IPHONEOS_DEPLOYMENT_TARGET = 8.1;
				MTL_ENABLE_DEBUG_INFO = YES;
				ONLY_ACTIVE_ARCH = YES;
				SDKROOT = iphoneos;
				TARGETED_DEVICE_FAMILY = "1,2";
			};
			name = Debug;
		};
		9890B3BF19F9F10700FC2E20 /* Release */ = {
			isa = XCBuildConfiguration;
			buildSettings = {
				ALWAYS_SEARCH_USER_PATHS = NO;
				CLANG_CXX_LANGUAGE_STANDARD = "gnu++0x";
				CLANG_CXX_LIBRARY = "libc++";
				CLANG_ENABLE_MODULES = YES;
				CLANG_ENABLE_OBJC_ARC = YES;
				CLANG_WARN_BOOL_CONVERSION = YES;
				CLANG_WARN_CONSTANT_CONVERSION = YES;
				CLANG_WARN_DIRECT_OBJC_ISA_USAGE = YES_ERROR;
				CLANG_WARN_EMPTY_BODY = YES;
				CLANG_WARN_ENUM_CONVERSION = YES;
				CLANG_WARN_INT_CONVERSION = YES;
				CLANG_WARN_OBJC_ROOT_CLASS = YES_ERROR;
				CLANG_WARN_UNREACHABLE_CODE = YES;
				CLANG_WARN__DUPLICATE_METHOD_MATCH = YES;
				"CODE_SIGN_IDENTITY[sdk=iphoneos*]" = "iPhone Developer";
				COPY_PHASE_STRIP = YES;
				ENABLE_NS_ASSERTIONS = NO;
				ENABLE_STRICT_OBJC_MSGSEND = YES;
				GCC_C_LANGUAGE_STANDARD = gnu99;
				GCC_WARN_64_TO_32_BIT_CONVERSION = YES;
				GCC_WARN_ABOUT_RETURN_TYPE = YES_ERROR;
				GCC_WARN_UNDECLARED_SELECTOR = YES;
				GCC_WARN_UNINITIALIZED_AUTOS = YES_AGGRESSIVE;
				GCC_WARN_UNUSED_FUNCTION = YES;
				GCC_WARN_UNUSED_VARIABLE = YES;
				IPHONEOS_DEPLOYMENT_TARGET = 8.1;
				MTL_ENABLE_DEBUG_INFO = NO;
				SDKROOT = iphoneos;
				TARGETED_DEVICE_FAMILY = "1,2";
				VALIDATE_PRODUCT = YES;
			};
			name = Release;
		};
		9890B3C119F9F10700FC2E20 /* Debug */ = {
			isa = XCBuildConfiguration;
			buildSettings = {
				ASSETCATALOG_COMPILER_APPICON_NAME = AppIcon;
				INFOPLIST_FILE = PhotoWake/Info.plist;
				LD_RUNPATH_SEARCH_PATHS = "$(inherited) @executable_path/Frameworks";
				PRODUCT_NAME = "$(TARGET_NAME)";
			};
			name = Debug;
		};
		9890B3C219F9F10700FC2E20 /* Release */ = {
			isa = XCBuildConfiguration;
			buildSettings = {
				ASSETCATALOG_COMPILER_APPICON_NAME = AppIcon;
				INFOPLIST_FILE = PhotoWake/Info.plist;
				LD_RUNPATH_SEARCH_PATHS = "$(inherited) @executable_path/Frameworks";
				PRODUCT_NAME = "$(TARGET_NAME)";
			};
			name = Release;
		};
		9890B3C419F9F10700FC2E20 /* Debug */ = {
			isa = XCBuildConfiguration;
			buildSettings = {
				BUNDLE_LOADER = "$(TEST_HOST)";
				FRAMEWORK_SEARCH_PATHS = (
					"$(SDKROOT)/Developer/Library/Frameworks",
					"$(inherited)",
				);
				GCC_PREPROCESSOR_DEFINITIONS = (
					"DEBUG=1",
					"$(inherited)",
				);
				INFOPLIST_FILE = PhotoWakeTests/Info.plist;
				LD_RUNPATH_SEARCH_PATHS = "$(inherited) @executable_path/Frameworks @loader_path/Frameworks";
				PRODUCT_NAME = "$(TARGET_NAME)";
				TEST_HOST = "$(BUILT_PRODUCTS_DIR)/PhotoWake.app/PhotoWake";
			};
			name = Debug;
		};
		9890B3C519F9F10700FC2E20 /* Release */ = {
			isa = XCBuildConfiguration;
			buildSettings = {
				BUNDLE_LOADER = "$(TEST_HOST)";
				FRAMEWORK_SEARCH_PATHS = (
					"$(SDKROOT)/Developer/Library/Frameworks",
					"$(inherited)",
				);
				INFOPLIST_FILE = PhotoWakeTests/Info.plist;
				LD_RUNPATH_SEARCH_PATHS = "$(inherited) @executable_path/Frameworks @loader_path/Frameworks";
				PRODUCT_NAME = "$(TARGET_NAME)";
				TEST_HOST = "$(BUILT_PRODUCTS_DIR)/PhotoWake.app/PhotoWake";
			};
			name = Release;
		};
/* End XCBuildConfiguration section */

/* Begin XCConfigurationList section */
		9890B39819F9F10600FC2E20 /* Build configuration list for PBXProject "PhotoWake" */ = {
			isa = XCConfigurationList;
			buildConfigurations = (
				9890B3BE19F9F10700FC2E20 /* Debug */,
				9890B3BF19F9F10700FC2E20 /* Release */,
			);
			defaultConfigurationIsVisible = 0;
			defaultConfigurationName = Release;
		};
		9890B3C019F9F10700FC2E20 /* Build configuration list for PBXNativeTarget "PhotoWake" */ = {
			isa = XCConfigurationList;
			buildConfigurations = (
				9890B3C119F9F10700FC2E20 /* Debug */,
				9890B3C219F9F10700FC2E20 /* Release */,
			);
			defaultConfigurationIsVisible = 0;
		};
		9890B3C319F9F10700FC2E20 /* Build configuration list for PBXNativeTarget "PhotoWakeTests" */ = {
			isa = XCConfigurationList;
			buildConfigurations = (
				9890B3C419F9F10700FC2E20 /* Debug */,
				9890B3C519F9F10700FC2E20 /* Release */,
			);
			defaultConfigurationIsVisible = 0;
		};
/* End XCConfigurationList section */
	};
	rootObject = 9890B39519F9F10600FC2E20 /* Project object */;
}
